
Microsoft Visual Studio Solution File, Format Version 12.00
# Visual Studio 15
VisualStudioVersion = 15.0.28010.2050
MinimumVisualStudioVersion = 10.0.40219.1
Project("{FAE04EC0-301F-11D3-BF4B-00C04F79EFBC}") = "江云飞demo", "江云飞demo\江云飞demo.csproj", "{05710A28-CD58-4AD7-9535-BE5819548E97}"
EndProject
Global
	GlobalSection(SolutionConfigurationPlatforms) = preSolution
		Debug|Any CPU = Debug|Any CPU
		Release|Any CPU = Release|Any CPU
	EndGlobalSection
	GlobalSection(ProjectConfigurationPlatforms) = postSolution
		{05710A28-CD58-4AD7-9535-BE5819548E97}.Debug|Any CPU.ActiveCfg = Debug|Any CPU
		{05710A28-CD58-4AD7-9535-BE5819548E97}.Debug|Any CPU.Build.0 = Debug|Any CPU
		{05710A28-CD58-4AD7-9535-BE5819548E97}.Release|Any CPU.ActiveCfg = Release|Any CPU
		{05710A28-CD58-4AD7-9535-BE5819548E97}.Release|Any CPU.Build.0 = Release|Any CPU
	EndGlobalSection
	GlobalSection(SolutionProperties) = preSolution
		HideSolutionNode = FALSE
	EndGlobalSection
	GlobalSection(ExtensibilityGlobals) = postSolution
		SolutionGuid = {2117ED1C-A408-48F0-8280-04B8110692AB}
	EndGlobalSection
EndGlobal
